
Microsoft Visual Studio Solution File, Format Version 12.00
# Visual Studio Version 16
VisualStudioVersion = 16.0.31129.286
MinimumVisualStudioVersion = 10.0.40219.1
Project("{9A19103F-16F7-4668-BE54-9A1E7A4F7556}") = "CoreSharp", "CoreSharp\CoreSharp.csproj", "{DE182172-932A-431B-B4C0-4A003EC45D45}"
EndProject
Project("{9A19103F-16F7-4668-BE54-9A1E7A4F7556}") = "CoreSharp.Tests", "CoreSharp.Tests\CoreSharp.Tests.csproj", "{3C587366-6D73-459A-BD8F-6489F115673F}"
EndProject
Global
	GlobalSection(SolutionConfigurationPlatforms) = preSolution
		Debug|Any CPU = Debug|Any CPU
		Release|Any CPU = Release|Any CPU
	EndGlobalSection
	GlobalSection(ProjectConfigurationPlatforms) = postSolution
		{DE182172-932A-431B-B4C0-4A003EC45D45}.Debug|Any CPU.ActiveCfg = Debug|Any CPU
		{DE182172-932A-431B-B4C0-4A003EC45D45}.Debug|Any CPU.Build.0 = Debug|Any CPU
		{DE182172-932A-431B-B4C0-4A003EC45D45}.Release|Any CPU.ActiveCfg = Release|Any CPU
		{DE182172-932A-431B-B4C0-4A003EC45D45}.Release|Any CPU.Build.0 = Release|Any CPU
		{3C587366-6D73-459A-BD8F-6489F115673F}.Debug|Any CPU.ActiveCfg = Debug|Any CPU
		{3C587366-6D73-459A-BD8F-6489F115673F}.Debug|Any CPU.Build.0 = Debug|Any CPU
		{3C587366-6D73-459A-BD8F-6489F115673F}.Release|Any CPU.ActiveCfg = Release|Any CPU
		{3C587366-6D73-459A-BD8F-6489F115673F}.Release|Any CPU.Build.0 = Release|Any CPU
	EndGlobalSection
	GlobalSection(SolutionProperties) = preSolution
		HideSolutionNode = FALSE
	EndGlobalSection
	GlobalSection(ExtensibilityGlobals) = postSolution
		SolutionGuid = {B304D992-B0E0-45A6-B9C5-F055115F10FF}
	EndGlobalSection
EndGlobal
