
Microsoft Visual Studio Solution File, Format Version 12.00
# Visual Studio Version 17
VisualStudioVersion = 17.1.32421.90
MinimumVisualStudioVersion = 10.0.40219.1
Project("{9A19103F-16F7-4668-BE54-9A1E7A4F7556}") = "CoreSharp", "src\CoreSharp\CoreSharp.csproj", "{DE182172-932A-431B-B4C0-4A003EC45D45}"
EndProject
Project("{2150E333-8FDC-42A3-9474-1A3956D46DE8}") = "Solution Items", "Solution Items", "{88E03C86-D1C5-479C-B5AC-072E4CA6E6E4}"
	ProjectSection(SolutionItems) = preProject
		.editorconfig = .editorconfig
	EndProjectSection
EndProject
Project("{2150E333-8FDC-42A3-9474-1A3956D46DE8}") = "src", "src", "{D1EFA684-6FA8-4744-8491-1637F6FA366F}"
EndProject
Project("{2150E333-8FDC-42A3-9474-1A3956D46DE8}") = "tests", "tests", "{5636A17F-CB7D-4855-8BF4-AD89661FB08B}"
EndProject
Project("{9A19103F-16F7-4668-BE54-9A1E7A4F7556}") = "Tests", "tests\Tests\Tests.csproj", "{1FB611D2-2C15-41B8-8546-79AC1F6B30BF}"
EndProject
Global
	GlobalSection(SolutionConfigurationPlatforms) = preSolution
		Debug|Any CPU = Debug|Any CPU
		Release|Any CPU = Release|Any CPU
	EndGlobalSection
	GlobalSection(ProjectConfigurationPlatforms) = postSolution
		{DE182172-932A-431B-B4C0-4A003EC45D45}.Debug|Any CPU.ActiveCfg = Debug|Any CPU
		{DE182172-932A-431B-B4C0-4A003EC45D45}.Debug|Any CPU.Build.0 = Debug|Any CPU
		{DE182172-932A-431B-B4C0-4A003EC45D45}.Release|Any CPU.ActiveCfg = Release|Any CPU
		{DE182172-932A-431B-B4C0-4A003EC45D45}.Release|Any CPU.Build.0 = Release|Any CPU
		{1FB611D2-2C15-41B8-8546-79AC1F6B30BF}.Debug|Any CPU.ActiveCfg = Debug|Any CPU
		{1FB611D2-2C15-41B8-8546-79AC1F6B30BF}.Debug|Any CPU.Build.0 = Debug|Any CPU
		{1FB611D2-2C15-41B8-8546-79AC1F6B30BF}.Release|Any CPU.ActiveCfg = Release|Any CPU
		{1FB611D2-2C15-41B8-8546-79AC1F6B30BF}.Release|Any CPU.Build.0 = Release|Any CPU
	EndGlobalSection
	GlobalSection(SolutionProperties) = preSolution
		HideSolutionNode = FALSE
	EndGlobalSection
	GlobalSection(NestedProjects) = preSolution
		{DE182172-932A-431B-B4C0-4A003EC45D45} = {D1EFA684-6FA8-4744-8491-1637F6FA366F}
		{1FB611D2-2C15-41B8-8546-79AC1F6B30BF} = {5636A17F-CB7D-4855-8BF4-AD89661FB08B}
	EndGlobalSection
	GlobalSection(ExtensibilityGlobals) = postSolution
		SolutionGuid = {B304D992-B0E0-45A6-B9C5-F055115F10FF}
	EndGlobalSection
EndGlobal
